
Microsoft Visual Studio Solution File, Format Version 12.00
# Visual Studio Version 17
VisualStudioVersion = 17.2.32602.215
MinimumVisualStudioVersion = 10.0.40219.1
Project("{FAE04EC0-301F-11D3-BF4B-00C04F79EFBC}") = "BoltaShop", "BoltaShop\BoltaShop.csproj", "{D4DDB669-5C78-4810-A99A-287C6E76688E}"
EndProject
Global
	GlobalSection(SolutionConfigurationPlatforms) = preSolution
		Debug|Any CPU = Debug|Any CPU
		Release|Any CPU = Release|Any CPU
	EndGlobalSection
	GlobalSection(ProjectConfigurationPlatforms) = postSolution
		{D4DDB669-5C78-4810-A99A-287C6E76688E}.Debug|Any CPU.ActiveCfg = Debug|Any CPU
		{D4DDB669-5C78-4810-A99A-287C6E76688E}.Debug|Any CPU.Build.0 = Debug|Any CPU
		{D4DDB669-5C78-4810-A99A-287C6E76688E}.Release|Any CPU.ActiveCfg = Release|Any CPU
		{D4DDB669-5C78-4810-A99A-287C6E76688E}.Release|Any CPU.Build.0 = Release|Any CPU
	EndGlobalSection
	GlobalSection(SolutionProperties) = preSolution
		HideSolutionNode = FALSE
	EndGlobalSection
	GlobalSection(ExtensibilityGlobals) = postSolution
		SolutionGuid = {A821F857-93DE-4B44-85C0-3C72DBD9E687}
	EndGlobalSection
EndGlobal
